// !$*UTF8*$!
{
	archiveVersion = 1;
	classes = {
	};
	objectVersion = 46;
	objects = {

/* Begin PBXBuildFile section */
		DD6AFC1B1DA01D0100F67B1D /* CoreDataStack.swift in Sources */ = {isa = PBXBuildFile; fileRef = DD6AFC1A1DA01D0100F67B1D /* CoreDataStack.swift */; };
		DD6AFC201DA0249000F67B1D /* Photo+CoreDataClass.swift in Sources */ = {isa = PBXBuildFile; fileRef = DD6AFC1C1DA0249000F67B1D /* Photo+CoreDataClass.swift */; };
		DD6AFC211DA0249000F67B1D /* Photo+CoreDataProperties.swift in Sources */ = {isa = PBXBuildFile; fileRef = DD6AFC1D1DA0249000F67B1D /* Photo+CoreDataProperties.swift */; };
		DD6AFC221DA0249000F67B1D /* Pin+CoreDataClass.swift in Sources */ = {isa = PBXBuildFile; fileRef = DD6AFC1E1DA0249000F67B1D /* Pin+CoreDataClass.swift */; };
		DD6AFC231DA0249000F67B1D /* Pin+CoreDataProperties.swift in Sources */ = {isa = PBXBuildFile; fileRef = DD6AFC1F1DA0249000F67B1D /* Pin+CoreDataProperties.swift */; };
		DD7728641D9FDBC5009C8D4C /* AppDelegate.swift in Sources */ = {isa = PBXBuildFile; fileRef = DD7728631D9FDBC5009C8D4C /* AppDelegate.swift */; };
		DD7728661D9FDBC5009C8D4C /* MapViewController.swift in Sources */ = {isa = PBXBuildFile; fileRef = DD7728651D9FDBC5009C8D4C /* MapViewController.swift */; };
		DD7728691D9FDBC5009C8D4C /* Main.storyboard in Resources */ = {isa = PBXBuildFile; fileRef = DD7728671D9FDBC5009C8D4C /* Main.storyboard */; };
		DD77286B1D9FDBC5009C8D4C /* Assets.xcassets in Resources */ = {isa = PBXBuildFile; fileRef = DD77286A1D9FDBC5009C8D4C /* Assets.xcassets */; };
		DD77286E1D9FDBC5009C8D4C /* LaunchScreen.storyboard in Resources */ = {isa = PBXBuildFile; fileRef = DD77286C1D9FDBC5009C8D4C /* LaunchScreen.storyboard */; };
		DD7728771D9FDC21009C8D4C /* Model.xcdatamodeld in Sources */ = {isa = PBXBuildFile; fileRef = DD7728751D9FDC21009C8D4C /* Model.xcdatamodeld */; };
		DD77287A1D9FE47E009C8D4C /* MapKit.framework in Frameworks */ = {isa = PBXBuildFile; fileRef = DD7728791D9FE47E009C8D4C /* MapKit.framework */; };
		DD8C29FD1DA0C4DE0085F9D5 /* PhotoAlbumViewController.swift in Sources */ = {isa = PBXBuildFile; fileRef = DD8C29FC1DA0C4DE0085F9D5 /* PhotoAlbumViewController.swift */; };
		DD8C2A001DA0DFA20085F9D5 /* Constants.swift in Sources */ = {isa = PBXBuildFile; fileRef = DD8C29FF1DA0DFA20085F9D5 /* Constants.swift */; };
		DD8C2A021DA0DFEC0085F9D5 /* FlickrClient.swift in Sources */ = {isa = PBXBuildFile; fileRef = DD8C2A011DA0DFEC0085F9D5 /* FlickrClient.swift */; };
/* End PBXBuildFile section */

/* Begin PBXFileReference section */
		DD6AFC1A1DA01D0100F67B1D /* CoreDataStack.swift */ = {isa = PBXFileReference; fileEncoding = 4; lastKnownFileType = sourcecode.swift; path = CoreDataStack.swift; sourceTree = "<group>"; };
		DD6AFC1C1DA0249000F67B1D /* Photo+CoreDataClass.swift */ = {isa = PBXFileReference; fileEncoding = 4; lastKnownFileType = sourcecode.swift; path = "Photo+CoreDataClass.swift"; sourceTree = "<group>"; };
		DD6AFC1D1DA0249000F67B1D /* Photo+CoreDataProperties.swift */ = {isa = PBXFileReference; fileEncoding = 4; lastKnownFileType = sourcecode.swift; path = "Photo+CoreDataProperties.swift"; sourceTree = "<group>"; };
		DD6AFC1E1DA0249000F67B1D /* Pin+CoreDataClass.swift */ = {isa = PBXFileReference; fileEncoding = 4; lastKnownFileType = sourcecode.swift; path = "Pin+CoreDataClass.swift"; sourceTree = "<group>"; };
		DD6AFC1F1DA0249000F67B1D /* Pin+CoreDataProperties.swift */ = {isa = PBXFileReference; fileEncoding = 4; lastKnownFileType = sourcecode.swift; path = "Pin+CoreDataProperties.swift"; sourceTree = "<group>"; };
		DD7728601D9FDBC5009C8D4C /* VirtualTourist.app */ = {isa = PBXFileReference; explicitFileType = wrapper.application; includeInIndex = 0; path = VirtualTourist.app; sourceTree = BUILT_PRODUCTS_DIR; };
		DD7728631D9FDBC5009C8D4C /* AppDelegate.swift */ = {isa = PBXFileReference; lastKnownFileType = sourcecode.swift; path = AppDelegate.swift; sourceTree = "<group>"; };
		DD7728651D9FDBC5009C8D4C /* MapViewController.swift */ = {isa = PBXFileReference; lastKnownFileType = sourcecode.swift; path = MapViewController.swift; sourceTree = "<group>"; };
		DD7728681D9FDBC5009C8D4C /* Base */ = {isa = PBXFileReference; lastKnownFileType = file.storyboard; name = Base; path = Base.lproj/Main.storyboard; sourceTree = "<group>"; };
		DD77286A1D9FDBC5009C8D4C /* Assets.xcassets */ = {isa = PBXFileReference; lastKnownFileType = folder.assetcatalog; path = Assets.xcassets; sourceTree = "<group>"; };
		DD77286D1D9FDBC5009C8D4C /* Base */ = {isa = PBXFileReference; lastKnownFileType = file.storyboard; name = Base; path = Base.lproj/LaunchScreen.storyboard; sourceTree = "<group>"; };
		DD77286F1D9FDBC5009C8D4C /* Info.plist */ = {isa = PBXFileReference; lastKnownFileType = text.plist.xml; path = Info.plist; sourceTree = "<group>"; };
		DD7728761D9FDC21009C8D4C /* Model.xcdatamodel */ = {isa = PBXFileReference; explicitFileType = wrapper.xcdatamodel; path = Model.xcdatamodel; sourceTree = "<group>"; };
		DD7728791D9FE47E009C8D4C /* MapKit.framework */ = {isa = PBXFileReference; lastKnownFileType = wrapper.framework; name = MapKit.framework; path = System/Library/Frameworks/MapKit.framework; sourceTree = SDKROOT; };
		DD8C29FC1DA0C4DE0085F9D5 /* PhotoAlbumViewController.swift */ = {isa = PBXFileReference; fileEncoding = 4; lastKnownFileType = sourcecode.swift; path = PhotoAlbumViewController.swift; sourceTree = "<group>"; };
		DD8C29FF1DA0DFA20085F9D5 /* Constants.swift */ = {isa = PBXFileReference; fileEncoding = 4; lastKnownFileType = sourcecode.swift; path = Constants.swift; sourceTree = "<group>"; };
		DD8C2A011DA0DFEC0085F9D5 /* FlickrClient.swift */ = {isa = PBXFileReference; fileEncoding = 4; lastKnownFileType = sourcecode.swift; path = FlickrClient.swift; sourceTree = "<group>"; };
/* End PBXFileReference section */

/* Begin PBXFrameworksBuildPhase section */
		DD77285D1D9FDBC5009C8D4C /* Frameworks */ = {
			isa = PBXFrameworksBuildPhase;
			buildActionMask = 2147483647;
			files = (
				DD77287A1D9FE47E009C8D4C /* MapKit.framework in Frameworks */,
			);
			runOnlyForDeploymentPostprocessing = 0;
		};
/* End PBXFrameworksBuildPhase section */

/* Begin PBXGroup section */
		DD6AFC181DA01C8200F67B1D /* Models */ = {
			isa = PBXGroup;
			children = (
				DD8C29FE1DA0DF910085F9D5 /* Flickr */,
				DD6AFC1C1DA0249000F67B1D /* Photo+CoreDataClass.swift */,
				DD6AFC1D1DA0249000F67B1D /* Photo+CoreDataProperties.swift */,
				DD6AFC1E1DA0249000F67B1D /* Pin+CoreDataClass.swift */,
				DD6AFC1F1DA0249000F67B1D /* Pin+CoreDataProperties.swift */,
				DD6AFC1A1DA01D0100F67B1D /* CoreDataStack.swift */,
			);
			name = Models;
			sourceTree = "<group>";
		};
		DD6AFC191DA01C8E00F67B1D /* Controllers */ = {
			isa = PBXGroup;
			children = (
				DD7728651D9FDBC5009C8D4C /* MapViewController.swift */,
				DD8C29FC1DA0C4DE0085F9D5 /* PhotoAlbumViewController.swift */,
			);
			name = Controllers;
			sourceTree = "<group>";
		};
		DD7728571D9FDBC5009C8D4C = {
			isa = PBXGroup;
			children = (
				DD7728621D9FDBC5009C8D4C /* VirtualTourist */,
				DD7728611D9FDBC5009C8D4C /* Products */,
				DD7728781D9FE47E009C8D4C /* Frameworks */,
			);
			sourceTree = "<group>";
		};
		DD7728611D9FDBC5009C8D4C /* Products */ = {
			isa = PBXGroup;
			children = (
				DD7728601D9FDBC5009C8D4C /* VirtualTourist.app */,
			);
			name = Products;
			sourceTree = "<group>";
		};
		DD7728621D9FDBC5009C8D4C /* VirtualTourist */ = {
			isa = PBXGroup;
			children = (
				DD6AFC181DA01C8200F67B1D /* Models */,
				DD6AFC191DA01C8E00F67B1D /* Controllers */,
				DD7728631D9FDBC5009C8D4C /* AppDelegate.swift */,
				DD7728671D9FDBC5009C8D4C /* Main.storyboard */,
				DD77286A1D9FDBC5009C8D4C /* Assets.xcassets */,
				DD77286C1D9FDBC5009C8D4C /* LaunchScreen.storyboard */,
				DD77286F1D9FDBC5009C8D4C /* Info.plist */,
				DD7728751D9FDC21009C8D4C /* Model.xcdatamodeld */,
			);
			path = VirtualTourist;
			sourceTree = "<group>";
		};
		DD7728781D9FE47E009C8D4C /* Frameworks */ = {
			isa = PBXGroup;
			children = (
				DD7728791D9FE47E009C8D4C /* MapKit.framework */,
			);
			name = Frameworks;
			sourceTree = "<group>";
		};
		DD8C29FE1DA0DF910085F9D5 /* Flickr */ = {
			isa = PBXGroup;
			children = (
				DD8C29FF1DA0DFA20085F9D5 /* Constants.swift */,
				DD8C2A011DA0DFEC0085F9D5 /* FlickrClient.swift */,
			);
			name = Flickr;
			sourceTree = "<group>";
		};
/* End PBXGroup section */

/* Begin PBXNativeTarget section */
		DD77285F1D9FDBC5009C8D4C /* VirtualTourist */ = {
			isa = PBXNativeTarget;
			buildConfigurationList = DD7728721D9FDBC5009C8D4C /* Build configuration list for PBXNativeTarget "VirtualTourist" */;
			buildPhases = (
				DD77285C1D9FDBC5009C8D4C /* Sources */,
				DD77285D1D9FDBC5009C8D4C /* Frameworks */,
				DD77285E1D9FDBC5009C8D4C /* Resources */,
			);
			buildRules = (
			);
			dependencies = (
			);
			name = VirtualTourist;
			productName = VirtualTourist;
			productReference = DD7728601D9FDBC5009C8D4C /* VirtualTourist.app */;
			productType = "com.apple.product-type.application";
		};
/* End PBXNativeTarget section */

/* Begin PBXProject section */
		DD7728581D9FDBC5009C8D4C /* Project object */ = {
			isa = PBXProject;
			attributes = {
				LastSwiftUpdateCheck = 0800;
				LastUpgradeCheck = 0800;
				ORGANIZATIONNAME = laura.sempere.com;
				TargetAttributes = {
					DD77285F1D9FDBC5009C8D4C = {
						CreatedOnToolsVersion = 8.0;
						DevelopmentTeam = UFM2263SJB;
						ProvisioningStyle = Automatic;
						SystemCapabilities = {
							com.apple.Maps.iOS = {
								enabled = 1;
							};
						};
					};
				};
			};
			buildConfigurationList = DD77285B1D9FDBC5009C8D4C /* Build configuration list for PBXProject "VirtualTourist" */;
			compatibilityVersion = "Xcode 3.2";
			developmentRegion = English;
			hasScannedForEncodings = 0;
			knownRegions = (
				en,
				Base,
			);
			mainGroup = DD7728571D9FDBC5009C8D4C;
			productRefGroup = DD7728611D9FDBC5009C8D4C /* Products */;
			projectDirPath = "";
			projectRoot = "";
			targets = (
				DD77285F1D9FDBC5009C8D4C /* VirtualTourist */,
			);
		};
/* End PBXProject section */

/* Begin PBXResourcesBuildPhase section */
		DD77285E1D9FDBC5009C8D4C /* Resources */ = {
			isa = PBXResourcesBuildPhase;
			buildActionMask = 2147483647;
			files = (
				DD77286E1D9FDBC5009C8D4C /* LaunchScreen.storyboard in Resources */,
				DD77286B1D9FDBC5009C8D4C /* Assets.xcassets in Resources */,
				DD7728691D9FDBC5009C8D4C /* Main.storyboard in Resources */,
			);
			runOnlyForDeploymentPostprocessing = 0;
		};
/* End PBXResourcesBuildPhase section */

/* Begin PBXSourcesBuildPhase section */
		DD77285C1D9FDBC5009C8D4C /* Sources */ = {
			isa = PBXSourcesBuildPhase;
			buildActionMask = 2147483647;
			files = (
				DD6AFC211DA0249000F67B1D /* Photo+CoreDataProperties.swift in Sources */,
				DD6AFC231DA0249000F67B1D /* Pin+CoreDataProperties.swift in Sources */,
				DD8C29FD1DA0C4DE0085F9D5 /* PhotoAlbumViewController.swift in Sources */,
				DD6AFC201DA0249000F67B1D /* Photo+CoreDataClass.swift in Sources */,
				DD6AFC221DA0249000F67B1D /* Pin+CoreDataClass.swift in Sources */,
				DD8C2A001DA0DFA20085F9D5 /* Constants.swift in Sources */,
				DD7728661D9FDBC5009C8D4C /* MapViewController.swift in Sources */,
				DD7728641D9FDBC5009C8D4C /* AppDelegate.swift in Sources */,
				DD8C2A021DA0DFEC0085F9D5 /* FlickrClient.swift in Sources */,
				DD7728771D9FDC21009C8D4C /* Model.xcdatamodeld in Sources */,
				DD6AFC1B1DA01D0100F67B1D /* CoreDataStack.swift in Sources */,
			);
			runOnlyForDeploymentPostprocessing = 0;
		};
/* End PBXSourcesBuildPhase section */

/* Begin PBXVariantGroup section */
		DD7728671D9FDBC5009C8D4C /* Main.storyboard */ = {
			isa = PBXVariantGroup;
			children = (
				DD7728681D9FDBC5009C8D4C /* Base */,
			);
			name = Main.storyboard;
			sourceTree = "<group>";
		};
		DD77286C1D9FDBC5009C8D4C /* LaunchScreen.storyboard */ = {
			isa = PBXVariantGroup;
			children = (
				DD77286D1D9FDBC5009C8D4C /* Base */,
			);
			name = LaunchScreen.storyboard;
			sourceTree = "<group>";
		};
/* End PBXVariantGroup section */

/* Begin XCBuildConfiguration section */
		DD7728701D9FDBC5009C8D4C /* Debug */ = {
			isa = XCBuildConfiguration;
			buildSettings = {
				ALWAYS_SEARCH_USER_PATHS = NO;
				CLANG_ANALYZER_NONNULL = YES;
				CLANG_CXX_LANGUAGE_STANDARD = "gnu++0x";
				CLANG_CXX_LIBRARY = "libc++";
				CLANG_ENABLE_MODULES = YES;
				CLANG_ENABLE_OBJC_ARC = YES;
				CLANG_WARN_BOOL_CONVERSION = YES;
				CLANG_WARN_CONSTANT_CONVERSION = YES;
				CLANG_WARN_DIRECT_OBJC_ISA_USAGE = YES_ERROR;
				CLANG_WARN_DOCUMENTATION_COMMENTS = YES;
				CLANG_WARN_EMPTY_BODY = YES;
				CLANG_WARN_ENUM_CONVERSION = YES;
				CLANG_WARN_INFINITE_RECURSION = YES;
				CLANG_WARN_INT_CONVERSION = YES;
				CLANG_WARN_OBJC_ROOT_CLASS = YES_ERROR;
				CLANG_WARN_SUSPICIOUS_MOVES = YES;
				CLANG_WARN_UNREACHABLE_CODE = YES;
				CLANG_WARN__DUPLICATE_METHOD_MATCH = YES;
				"CODE_SIGN_IDENTITY[sdk=iphoneos*]" = "iPhone Developer";
				COPY_PHASE_STRIP = NO;
				DEBUG_INFORMATION_FORMAT = dwarf;
				ENABLE_STRICT_OBJC_MSGSEND = YES;
				ENABLE_TESTABILITY = YES;
				GCC_C_LANGUAGE_STANDARD = gnu99;
				GCC_DYNAMIC_NO_PIC = NO;
				GCC_NO_COMMON_BLOCKS = YES;
				GCC_OPTIMIZATION_LEVEL = 0;
				GCC_PREPROCESSOR_DEFINITIONS = (
					"DEBUG=1",
					"$(inherited)",
				);
				GCC_WARN_64_TO_32_BIT_CONVERSION = YES;
				GCC_WARN_ABOUT_RETURN_TYPE = YES_ERROR;
				GCC_WARN_UNDECLARED_SELECTOR = YES;
				GCC_WARN_UNINITIALIZED_AUTOS = YES_AGGRESSIVE;
				GCC_WARN_UNUSED_FUNCTION = YES;
				GCC_WARN_UNUSED_VARIABLE = YES;
				IPHONEOS_DEPLOYMENT_TARGET = 10.0;
				MTL_ENABLE_DEBUG_INFO = YES;
				ONLY_ACTIVE_ARCH = YES;
				SDKROOT = iphoneos;
				SWIFT_ACTIVE_COMPILATION_CONDITIONS = DEBUG;
				SWIFT_OPTIMIZATION_LEVEL = "-Onone";
				TARGETED_DEVICE_FAMILY = "1,2";
			};
			name = Debug;
		};
		DD7728711D9FDBC5009C8D4C /* Release */ = {
			isa = XCBuildConfiguration;
			buildSettings = {
				ALWAYS_SEARCH_USER_PATHS = NO;
				CLANG_ANALYZER_NONNULL = YES;
				CLANG_CXX_LANGUAGE_STANDARD = "gnu++0x";
				CLANG_CXX_LIBRARY = "libc++";
				CLANG_ENABLE_MODULES = YES;
				CLANG_ENABLE_OBJC_ARC = YES;
				CLANG_WARN_BOOL_CONVERSION = YES;
				CLANG_WARN_CONSTANT_CONVERSION = YES;
				CLANG_WARN_DIRECT_OBJC_ISA_USAGE = YES_ERROR;
				CLANG_WARN_DOCUMENTATION_COMMENTS = YES;
				CLANG_WARN_EMPTY_BODY = YES;
				CLANG_WARN_ENUM_CONVERSION = YES;
				CLANG_WARN_INFINITE_RECURSION = YES;
				CLANG_WARN_INT_CONVERSION = YES;
				CLANG_WARN_OBJC_ROOT_CLASS = YES_ERROR;
				CLANG_WARN_SUSPICIOUS_MOVES = YES;
				CLANG_WARN_UNREACHABLE_CODE = YES;
				CLANG_WARN__DUPLICATE_METHOD_MATCH = YES;
				"CODE_SIGN_IDENTITY[sdk=iphoneos*]" = "iPhone Developer";
				COPY_PHASE_STRIP = NO;
				DEBUG_INFORMATION_FORMAT = "dwarf-with-dsym";
				ENABLE_NS_ASSERTIONS = NO;
				ENABLE_STRICT_OBJC_MSGSEND = YES;
				GCC_C_LANGUAGE_STANDARD = gnu99;
				GCC_NO_COMMON_BLOCKS = YES;
				GCC_WARN_64_TO_32_BIT_CONVERSION = YES;
				GCC_WARN_ABOUT_RETURN_TYPE = YES_ERROR;
				GCC_WARN_UNDECLARED_SELECTOR = YES;
				GCC_WARN_UNINITIALIZED_AUTOS = YES_AGGRESSIVE;
				GCC_WARN_UNUSED_FUNCTION = YES;
				GCC_WARN_UNUSED_VARIABLE = YES;
				IPHONEOS_DEPLOYMENT_TARGET = 10.0;
				MTL_ENABLE_DEBUG_INFO = NO;
				SDKROOT = iphoneos;
				SWIFT_OPTIMIZATION_LEVEL = "-Owholemodule";
				TARGETED_DEVICE_FAMILY = "1,2";
				VALIDATE_PRODUCT = YES;
			};
			name = Release;
		};
		DD7728731D9FDBC5009C8D4C /* Debug */ = {
			isa = XCBuildConfiguration;
			buildSettings = {
				ASSETCATALOG_COMPILER_APPICON_NAME = AppIcon;
				DEVELOPMENT_TEAM = UFM2263SJB;
				INFOPLIST_FILE = VirtualTourist/Info.plist;
				LD_RUNPATH_SEARCH_PATHS = "$(inherited) @executable_path/Frameworks";
				PRODUCT_BUNDLE_IDENTIFIER = laura.sempere.OnTheMap.VirtualTourist;
				PRODUCT_NAME = "$(TARGET_NAME)";
				SWIFT_VERSION = 3.0;
				TARGETED_DEVICE_FAMILY = "1,2";
			};
			name = Debug;
		};
		DD7728741D9FDBC5009C8D4C /* Release */ = {
			isa = XCBuildConfiguration;
			buildSettings = {
				ASSETCATALOG_COMPILER_APPICON_NAME = AppIcon;
				DEVELOPMENT_TEAM = UFM2263SJB;
				INFOPLIST_FILE = VirtualTourist/Info.plist;
				LD_RUNPATH_SEARCH_PATHS = "$(inherited) @executable_path/Frameworks";
				PRODUCT_BUNDLE_IDENTIFIER = laura.sempere.OnTheMap.VirtualTourist;
				PRODUCT_NAME = "$(TARGET_NAME)";
				SWIFT_VERSION = 3.0;
				TARGETED_DEVICE_FAMILY = "1,2";
			};
			name = Release;
		};
/* End XCBuildConfiguration section */

/* Begin XCConfigurationList section */
		DD77285B1D9FDBC5009C8D4C /* Build configuration list for PBXProject "VirtualTourist" */ = {
			isa = XCConfigurationList;
			buildConfigurations = (
				DD7728701D9FDBC5009C8D4C /* Debug */,
				DD7728711D9FDBC5009C8D4C /* Release */,
			);
			defaultConfigurationIsVisible = 0;
			defaultConfigurationName = Release;
		};
		DD7728721D9FDBC5009C8D4C /* Build configuration list for PBXNativeTarget "VirtualTourist" */ = {
			isa = XCConfigurationList;
			buildConfigurations = (
				DD7728731D9FDBC5009C8D4C /* Debug */,
				DD7728741D9FDBC5009C8D4C /* Release */,
			);
			defaultConfigurationIsVisible = 0;
			defaultConfigurationName = Release;
		};
/* End XCConfigurationList section */

/* Begin XCVersionGroup section */
		DD7728751D9FDC21009C8D4C /* Model.xcdatamodeld */ = {
			isa = XCVersionGroup;
			children = (
				DD7728761D9FDC21009C8D4C /* Model.xcdatamodel */,
			);
			currentVersion = DD7728761D9FDC21009C8D4C /* Model.xcdatamodel */;
			path = Model.xcdatamodeld;
			sourceTree = "<group>";
			versionGroupType = wrapper.xcdatamodel;
		};
/* End XCVersionGroup section */
	};
	rootObject = DD7728581D9FDBC5009C8D4C /* Project object */;
}
